<?xml version="1.0" encoding="utf-8"?>
<Project ToolsVersion="4.0" xmlns="http://schemas.microsoft.com/developer/msbuild/2003">
  <ItemGroup>
    <Filter Include="Source Files">
      <UniqueIdentifier>{4FC737F1-C7A5-4376-A066-2A32D752A2FF}</UniqueIdentifier>
      <Extensions>cpp;cxx;c;def</Extensions>
    </Filter>
    <Filter Include="Header Files">
      <UniqueIdentifier>{93995380-89BD-4b04-88EB-625FBE52EBFB}</UniqueIdentifier>
      <Extensions>h</Extensions>
    </Filter>
    <Filter Include="Form Files">
      <UniqueIdentifier>{99349809-55BA-4b9d-BF79-8FDBB0286EB3}</UniqueIdentifier>
      <Extensions>ui</Extensions>
    </Filter>
    <Filter Include="Resource Files">
      <UniqueIdentifier>{D9D6E242-F8AF-46E4-B9FD-80ECBC20BA3E}</UniqueIdentifier>
      <Extensions>qrc;*</Extensions>
      <ParseFiles>false</ParseFiles>
    </Filter>
    <Filter Include="Generated Files">
      <UniqueIdentifier>{71ED8ED8-ACB9-4CE9-BBE1-E00B30144E11}</UniqueIdentifier>
      <Extensions>moc;h;cpp</Extensions>
      <SourceControlFiles>False</SourceControlFiles>
    </Filter>
    <Filter Include="Generated Files\Debug">
      <UniqueIdentifier>{e12fadfa-85cb-45dd-b436-2188fecd1397}</UniqueIdentifier>
      <Extensions>cpp;moc</Extensions>
      <SourceControlFiles>False</SourceControlFiles>
    </Filter>
    <Filter Include="Generated Files\Release">
      <UniqueIdentifier>{fa58b105-296a-4435-ae39-0abc4a72c6f8}</UniqueIdentifier>
      <Extensions>cpp;moc</Extensions>
      <SourceControlFiles>False</SourceControlFiles>
    </Filter>
    <Filter Include="Header Files\Test Files">
      <UniqueIdentifier>{02bffb52-3018-4c01-808e-fe320bab6ece}</UniqueIdentifier>
    </Filter>
    <Filter Include="Source Files\Test Files">
      <UniqueIdentifier>{9c2f5f21-5346-40b7-b1ef-2a94e3df0782}</UniqueIdentifier>
    </Filter>
    <Filter Include="Source Files\Card">
      <UniqueIdentifier>{93e4d24e-81fe-4e23-bc3c-44cca6416655}</UniqueIdentifier>
    </Filter>
    <Filter Include="Header Files\Card">
      <UniqueIdentifier>{fd2925fc-4f6b-4bc2-8191-5d287980ca55}</UniqueIdentifier>
    </Filter>
    <Filter Include="Header Files\Utility Widgets">
      <UniqueIdentifier>{88f0666c-b0f9-43ea-aef9-4b870560323e}</UniqueIdentifier>
    </Filter>
    <Filter Include="Source Files\Utility Widgets">
      <UniqueIdentifier>{07a19705-7ba8-4ea5-a6b5-2eee320ac14b}</UniqueIdentifier>
    </Filter>
    <Filter Include="Header Files\Servers and Clients">
      <UniqueIdentifier>{b7f379d1-dd10-4c2e-b3b2-556f95b328fd}</UniqueIdentifier>
    </Filter>
    <Filter Include="Source Files\Servers and Clients">
      <UniqueIdentifier>{81e408e5-8d9d-4ab7-bbfe-b9331672918d}</UniqueIdentifier>
    </Filter>
    <Filter Include="Source Files\BattleField">
      <UniqueIdentifier>{aefa8854-23fa-4a4f-b167-055ebf8bc262}</UniqueIdentifier>
    </Filter>
    <Filter Include="Header Files\Battlefield">
      <UniqueIdentifier>{a07abc79-ae5b-4d5d-8a13-f2b4398c2309}</UniqueIdentifier>
    </Filter>
  </ItemGroup>
  <ItemGroup>
    <ClCompile Include="main.cpp">
      <Filter>Source Files</Filter>
    </ClCompile>
    <ClCompile Include="GeneratedFiles\Debug\moc_Card.cpp">
      <Filter>Generated Files\Debug</Filter>
    </ClCompile>
    <ClCompile Include="GeneratedFiles\Release\moc_Card.cpp">
      <Filter>Generated Files\Release</Filter>
    </ClCompile>
    <ClCompile Include="GeneratedFiles\qrc_MagiQ.cpp">
      <Filter>Generated Files</Filter>
    </ClCompile>
    <ClCompile Include="GeneratedFiles\Debug\moc_ManaCostLabel.cpp">
      <Filter>Generated Files\Debug</Filter>
    </ClCompile>
    <ClCompile Include="GeneratedFiles\Release\moc_ManaCostLabel.cpp">
      <Filter>Generated Files\Release</Filter>
    </ClCompile>
    <ClCompile Include="SizeSliders.cpp">
      <Filter>Source Files\Test Files</Filter>
    </ClCompile>
    <ClCompile Include="GeneratedFiles\Debug\moc_SizeSliders.cpp">
      <Filter>Generated Files\Debug</Filter>
    </ClCompile>
    <ClCompile Include="GeneratedFiles\Release\moc_SizeSliders.cpp">
      <Filter>Generated Files\Release</Filter>
    </ClCompile>
    <ClCompile Include="FromEnumToString.cpp">
      <Filter>Source Files\Test Files</Filter>
    </ClCompile>
    <ClCompile Include="GeneratedFiles\Debug\moc_FromEnumToString.cpp">
      <Filter>Generated Files\Debug</Filter>
    </ClCompile>
    <ClCompile Include="GeneratedFiles\Release\moc_FromEnumToString.cpp">
      <Filter>Generated Files\Release</Filter>
    </ClCompile>
    <ClCompile Include="GeneratedFiles\Debug\moc_PowerToughnesLabel.cpp">
      <Filter>Generated Files\Debug</Filter>
    </ClCompile>
    <ClCompile Include="GeneratedFiles\Release\moc_PowerToughnesLabel.cpp">
      <Filter>Generated Files\Release</Filter>
    </ClCompile>
    <ClCompile Include="GeneratedFiles\Debug\moc_CardBuilder.cpp">
      <Filter>Generated Files\Debug</Filter>
    </ClCompile>
    <ClCompile Include="GeneratedFiles\Release\moc_CardBuilder.cpp">
      <Filter>Generated Files\Release</Filter>
    </ClCompile>
    <ClCompile Include="GeneratedFiles\Debug\moc_SelettoreImmagini.cpp">
      <Filter>Generated Files\Debug</Filter>
    </ClCompile>
    <ClCompile Include="GeneratedFiles\Release\moc_SelettoreImmagini.cpp">
      <Filter>Generated Files\Release</Filter>
    </ClCompile>
    <ClCompile Include="Deck.cpp">
      <Filter>Source Files</Filter>
    </ClCompile>
    <ClCompile Include="GeneratedFiles\Debug\moc_Deck.cpp">
      <Filter>Generated Files\Debug</Filter>
    </ClCompile>
    <ClCompile Include="GeneratedFiles\Release\moc_Deck.cpp">
      <Filter>Generated Files\Release</Filter>
    </ClCompile>
    <ClCompile Include="GeneratedFiles\Debug\moc_MagiQPlayer.cpp">
      <Filter>Generated Files\Debug</Filter>
    </ClCompile>
    <ClCompile Include="GeneratedFiles\Release\moc_MagiQPlayer.cpp">
      <Filter>Generated Files\Release</Filter>
    </ClCompile>
    <ClCompile Include="GeneratedFiles\Debug\moc_Effect.cpp">
      <Filter>Generated Files\Debug</Filter>
    </ClCompile>
    <ClCompile Include="GeneratedFiles\Release\moc_Effect.cpp">
      <Filter>Generated Files\Release</Filter>
    </ClCompile>
    <ClCompile Include="MagiQPlayer.cpp">
      <Filter>Source Files</Filter>
    </ClCompile>
    <ClCompile Include="GeneratedFiles\Debug\moc_EffectsBuilder.cpp">
      <Filter>Generated Files\Debug</Filter>
    </ClCompile>
    <ClCompile Include="GeneratedFiles\Release\moc_EffectsBuilder.cpp">
      <Filter>Generated Files\Release</Filter>
    </ClCompile>
    <ClCompile Include="Card.cpp">
      <Filter>Source Files\Card</Filter>
    </ClCompile>
    <ClCompile Include="CardBuilder.cpp">
      <Filter>Source Files\Card</Filter>
    </ClCompile>
    <ClCompile Include="ConstantProportionLayout.cpp">
      <Filter>Source Files\Card</Filter>
    </ClCompile>
    <ClCompile Include="Effect.cpp">
      <Filter>Source Files\Card</Filter>
    </ClCompile>
    <ClCompile Include="EffectsBuilder.cpp">
      <Filter>Source Files\Card</Filter>
    </ClCompile>
    <ClCompile Include="ManaCostLabel.cpp">
      <Filter>Source Files\Card</Filter>
    </ClCompile>
    <ClCompile Include="PowerToughnesLabel.cpp">
      <Filter>Source Files\Card</Filter>
    </ClCompile>
    <ClCompile Include="SelettoreImmagini.cpp">
      <Filter>Source Files\Utility Widgets</Filter>
    </ClCompile>
    <ClCompile Include="GeneratedFiles\Debug\moc_SmileButton.cpp">
      <Filter>Generated Files\Debug</Filter>
    </ClCompile>
    <ClCompile Include="GeneratedFiles\Release\moc_SmileButton.cpp">
      <Filter>Generated Files\Release</Filter>
    </ClCompile>
    <ClCompile Include="SmileButton.cpp">
      <Filter>Source Files\Utility Widgets</Filter>
    </ClCompile>
    <ClCompile Include="CardData.cpp">
      <Filter>Source Files\Card</Filter>
    </ClCompile>
    <ClCompile Include="EffectData.cpp">
      <Filter>Source Files\Card</Filter>
    </ClCompile>
    <ClCompile Include="GeneratedFiles\Debug\moc_BattleGround.cpp">
      <Filter>Generated Files\Debug</Filter>
    </ClCompile>
    <ClCompile Include="GeneratedFiles\Release\moc_BattleGround.cpp">
      <Filter>Generated Files\Release</Filter>
    </ClCompile>
    <ClCompile Include="CardViewer.cpp">
      <Filter>Source Files\Card</Filter>
    </ClCompile>
    <ClCompile Include="GeneratedFiles\Debug\moc_CardViewer.cpp">
      <Filter>Generated Files\Debug</Filter>
    </ClCompile>
    <ClCompile Include="GeneratedFiles\Release\moc_CardViewer.cpp">
      <Filter>Generated Files\Release</Filter>
    </ClCompile>
    <ClCompile Include="LanServer.cpp">
      <Filter>Source Files\Servers and Clients</Filter>
    </ClCompile>
    <ClCompile Include="LanServerThread.cpp">
      <Filter>Source Files\Servers and Clients</Filter>
    </ClCompile>
    <ClCompile Include="GeneratedFiles\Debug\moc_LanServerThread.cpp">
      <Filter>Generated Files\Debug</Filter>
    </ClCompile>
    <ClCompile Include="GeneratedFiles\Release\moc_LanServerThread.cpp">
      <Filter>Generated Files\Release</Filter>
    </ClCompile>
    <ClCompile Include="GeneratedFiles\Debug\moc_LanServer.cpp">
      <Filter>Generated Files\Debug</Filter>
    </ClCompile>
    <ClCompile Include="GeneratedFiles\Release\moc_LanServer.cpp">
      <Filter>Generated Files\Release</Filter>
    </ClCompile>
    <ClCompile Include="LanClient.cpp">
      <Filter>Source Files\Servers and Clients</Filter>
    </ClCompile>
    <ClCompile Include="GeneratedFiles\Debug\moc_LanClient.cpp">
      <Filter>Generated Files\Debug</Filter>
    </ClCompile>
    <ClCompile Include="GeneratedFiles\Release\moc_LanClient.cpp">
      <Filter>Generated Files\Release</Filter>
    </ClCompile>
    <ClCompile Include="TestWidget.cpp">
      <Filter>Source Files\Test Files</Filter>
    </ClCompile>
    <ClCompile Include="GeneratedFiles\Debug\moc_TestWidget.cpp">
      <Filter>Generated Files\Debug</Filter>
    </ClCompile>
    <ClCompile Include="GeneratedFiles\Release\moc_TestWidget.cpp">
      <Filter>Generated Files\Release</Filter>
    </ClCompile>
    <ClCompile Include="GeneratedFiles\Debug\moc_LanServerSocket.cpp">
      <Filter>Generated Files\Debug</Filter>
    </ClCompile>
    <ClCompile Include="GeneratedFiles\Release\moc_LanServerSocket.cpp">
      <Filter>Generated Files\Release</Filter>
    </ClCompile>
    <ClCompile Include="LanServerSocket.cpp">
      <Filter>Source Files\Servers and Clients</Filter>
    </ClCompile>
    <ClCompile Include="GeneratedFiles\Debug\moc_Symbols Selector.cpp">
      <Filter>Generated Files\Debug</Filter>
    </ClCompile>
    <ClCompile Include="GeneratedFiles\Release\moc_Symbols Selector.cpp">
      <Filter>Generated Files\Release</Filter>
    </ClCompile>
    <ClCompile Include="Symbols Selector.cpp">
      <Filter>Source Files\Utility Widgets</Filter>
    </ClCompile>
    <ClCompile Include="SmilesSelector.cpp">
      <Filter>Source Files\Utility Widgets</Filter>
    </ClCompile>
    <ClCompile Include="ChatWidget.cpp">
      <Filter>Source Files\Utility Widgets</Filter>
    </ClCompile>
    <ClCompile Include="GeneratedFiles\Debug\moc_ChatWidget.cpp">
      <Filter>Generated Files\Debug</Filter>
    </ClCompile>
    <ClCompile Include="GeneratedFiles\Release\moc_ChatWidget.cpp">
      <Filter>Generated Files\Release</Filter>
    </ClCompile>
    <ClCompile Include="GeneratedFiles\Debug\moc_SmilesSelector.cpp">
      <Filter>Generated Files\Debug</Filter>
    </ClCompile>
    <ClCompile Include="GeneratedFiles\Release\moc_SmilesSelector.cpp">
      <Filter>Generated Files\Release</Filter>
    </ClCompile>
    <ClCompile Include="BattleGround.cpp">
      <Filter>Source Files\BattleField</Filter>
    </ClCompile>
    <ClCompile Include="HandLayout.cpp">
      <Filter>Source Files\BattleField</Filter>
    </ClCompile>
    <ClCompile Include="PlayerInfoDisplayer.cpp">
      <Filter>Source Files\BattleField</Filter>
    </ClCompile>
    <ClCompile Include="GeneratedFiles\Debug\moc_PlayerInfoDisplayer.cpp">
      <Filter>Generated Files\Debug</Filter>
    </ClCompile>
    <ClCompile Include="GeneratedFiles\Release\moc_PlayerInfoDisplayer.cpp">
      <Filter>Generated Files\Release</Filter>
    </ClCompile>
    <ClCompile Include="RoundedCornersLabel.cpp">
      <Filter>Source Files\Utility Widgets</Filter>
    </ClCompile>
    <ClCompile Include="GeneratedFiles\Debug\moc_RoundedCornersLabel.cpp">
      <Filter>Generated Files\Debug</Filter>
    </ClCompile>
    <ClCompile Include="GeneratedFiles\Release\moc_RoundedCornersLabel.cpp">
      <Filter>Generated Files\Release</Filter>
    </ClCompile>
  </ItemGroup>
  <ItemGroup>
    <ClInclude Include="CostantsDefinition.h">
      <Filter>Header Files</Filter>
    </ClInclude>
    <ClInclude Include="StyleSheets.h">
      <Filter>Header Files</Filter>
    </ClInclude>
    <ClInclude Include="ConstantProportionLayout.h">
      <Filter>Header Files\Card</Filter>
    </ClInclude>
    <ClInclude Include="EffectsConstants.h">
      <Filter>Header Files\Card</Filter>
    </ClInclude>
    <ClInclude Include="CardData.h">
      <Filter>Header Files\Card</Filter>
    </ClInclude>
    <ClInclude Include="EffectData.h">
      <Filter>Header Files\Card</Filter>
    </ClInclude>
    <ClInclude Include="ComunicationConstants.h">
      <Filter>Header Files\Servers and Clients</Filter>
    </ClInclude>
    <ClInclude Include="HandLayout.h">
      <Filter>Header Files\Battlefield</Filter>
    </ClInclude>
  </ItemGroup>
  <ItemGroup>
    <CustomBuild Include="MagiQ.qrc">
      <Filter>Resource Files</Filter>
    </CustomBuild>
    <CustomBuild Include="SizeSliders.h">
      <Filter>Header Files\Test Files</Filter>
    </CustomBuild>
    <CustomBuild Include="FromEnumToString.h">
      <Filter>Header Files\Test Files</Filter>
    </CustomBuild>
    <CustomBuild Include="Deck.h">
      <Filter>Header Files</Filter>
    </CustomBuild>
    <CustomBuild Include="MagiQPlayer.h">
      <Filter>Header Files</Filter>
    </CustomBuild>
    <CustomBuild Include="Card.h">
      <Filter>Header Files\Card</Filter>
    </CustomBuild>
    <CustomBuild Include="CardBuilder.h">
      <Filter>Header Files\Card</Filter>
    </CustomBuild>
    <CustomBuild Include="Effect.h">
      <Filter>Header Files\Card</Filter>
    </CustomBuild>
    <CustomBuild Include="EffectsBuilder.h">
      <Filter>Header Files\Card</Filter>
    </CustomBuild>
    <CustomBuild Include="ManaCostLabel.h">
      <Filter>Header Files\Card</Filter>
    </CustomBuild>
    <CustomBuild Include="PowerToughnesLabel.h">
      <Filter>Header Files\Card</Filter>
    </CustomBuild>
    <CustomBuild Include="SelettoreImmagini.h">
      <Filter>Header Files\Utility Widgets</Filter>
    </CustomBuild>
    <CustomBuild Include="SmileButton.h">
      <Filter>Header Files\Utility Widgets</Filter>
    </CustomBuild>
    <CustomBuild Include="CardViewer.h">
      <Filter>Header Files\Card</Filter>
    </CustomBuild>
    <CustomBuild Include="LanServerThread.h">
      <Filter>Header Files\Servers and Clients</Filter>
    </CustomBuild>
    <CustomBuild Include="LanServer.h">
      <Filter>Header Files\Servers and Clients</Filter>
    </CustomBuild>
    <CustomBuild Include="LanClient.h">
      <Filter>Header Files\Servers and Clients</Filter>
    </CustomBuild>
    <CustomBuild Include="TestWidget.h">
      <Filter>Header Files\Test Files</Filter>
    </CustomBuild>
    <CustomBuild Include="LanServerSocket.h">
      <Filter>Header Files\Servers and Clients</Filter>
    </CustomBuild>
    <CustomBuild Include="Symbols Selector.h">
      <Filter>Header Files\Utility Widgets</Filter>
    </CustomBuild>
    <CustomBuild Include="ChatWidget.h">
      <Filter>Header Files\Utility Widgets</Filter>
    </CustomBuild>
    <CustomBuild Include="SmilesSelector.h">
      <Filter>Header Files\Utility Widgets</Filter>
    </CustomBuild>
    <CustomBuild Include="BattleGround.h">
      <Filter>Header Files\Battlefield</Filter>
    </CustomBuild>
    <CustomBuild Include="PlayerInfoDisplayer.h">
      <Filter>Header Files\Battlefield</Filter>
    </CustomBuild>
    <CustomBuild Include="RoundedCornersLabel.h">
      <Filter>Header Files\Utility Widgets</Filter>
    </CustomBuild>
  </ItemGroup>
  <ItemGroup>
    <None Include="LICENSE" />
    <None Include="README.markdown" />
  </ItemGroup>
</Project>